
Microsoft Visual Studio Solution File, Format Version 12.00
# Visual Studio Version 17
VisualStudioVersion = 17.0.32126.317
MinimumVisualStudioVersion = 10.0.40219.1
Project("{FAE04EC0-301F-11D3-BF4B-00C04F79EFBC}") = "MiageCorp.AwesomeShop.BackForFront", "MiageCorp.AwesomeShop.BackForFront\MiageCorp.AwesomeShop.BackForFront.csproj", "{3C23EE34-AFDC-4647-9DBE-A2E5CC6CAA41}"
EndProject
Global
	GlobalSection(SolutionConfigurationPlatforms) = preSolution
		Debug|Any CPU = Debug|Any CPU
		Release|Any CPU = Release|Any CPU
	EndGlobalSection
	GlobalSection(ProjectConfigurationPlatforms) = postSolution
		{3C23EE34-AFDC-4647-9DBE-A2E5CC6CAA41}.Debug|Any CPU.ActiveCfg = Debug|Any CPU
		{3C23EE34-AFDC-4647-9DBE-A2E5CC6CAA41}.Debug|Any CPU.Build.0 = Debug|Any CPU
		{3C23EE34-AFDC-4647-9DBE-A2E5CC6CAA41}.Release|Any CPU.ActiveCfg = Release|Any CPU
		{3C23EE34-AFDC-4647-9DBE-A2E5CC6CAA41}.Release|Any CPU.Build.0 = Release|Any CPU
	EndGlobalSection
	GlobalSection(SolutionProperties) = preSolution
		HideSolutionNode = FALSE
	EndGlobalSection
	GlobalSection(ExtensibilityGlobals) = postSolution
		SolutionGuid = {F2F121E5-6B4C-4A89-AC1D-7082904BBFCE}
	EndGlobalSection
EndGlobal
